
Microsoft Visual Studio Solution File, Format Version 12.00
# Visual Studio Version 16
VisualStudioVersion = 16.0.30204.135
MinimumVisualStudioVersion = 10.0.40219.1
Project("{FAE04EC0-301F-11D3-BF4B-00C04F79EFBC}") = "ConsolUI", "ISPDemo\ConsolUI.csproj", "{4BF7D879-776D-4085-B593-61E58CB4CDEE}"
EndProject
Global
	GlobalSection(SolutionConfigurationPlatforms) = preSolution
		Debug|Any CPU = Debug|Any CPU
		Release|Any CPU = Release|Any CPU
	EndGlobalSection
	GlobalSection(ProjectConfigurationPlatforms) = postSolution
		{4BF7D879-776D-4085-B593-61E58CB4CDEE}.Debug|Any CPU.ActiveCfg = Debug|Any CPU
		{4BF7D879-776D-4085-B593-61E58CB4CDEE}.Debug|Any CPU.Build.0 = Debug|Any CPU
		{4BF7D879-776D-4085-B593-61E58CB4CDEE}.Release|Any CPU.ActiveCfg = Release|Any CPU
		{4BF7D879-776D-4085-B593-61E58CB4CDEE}.Release|Any CPU.Build.0 = Release|Any CPU
	EndGlobalSection
	GlobalSection(SolutionProperties) = preSolution
		HideSolutionNode = FALSE
	EndGlobalSection
	GlobalSection(ExtensibilityGlobals) = postSolution
		SolutionGuid = {2AB464B1-12FF-4DCB-9820-6D11ABDB40B6}
	EndGlobalSection
EndGlobal
